{
  "name": "code-editor",
  "version": "0.0.0",
  "lockfileVersion": 3,
  "requires": true,
  "packages": {
    "": {
      "name": "code-editor",
      "version": "0.0.0",
      "dependencies": {
        "@fontsource/monaspace-neon": "^5.1.0",
        "monaco-editor": "^0.33.0",
        "split.js": "^1.6.5",
        "vite-plugin-monaco-editor": "^1.1.0"
      }
    },
    "node_modules/@fontsource/monaspace-neon": {
      "version": "5.1.0",
      "resolved": "https://registry.npmjs.org/@fontsource/monaspace-neon/-/monaspace-neon-5.1.0.tgz",
      "integrity": "sha512-nW56kEvbPwNHHYfouTEI6KR2BAcXhqjGc/KkQdDvC+bcpRFc9olZTBd+Jw+l8MhcbnFwX+GWE5VP8EUrAcshew==",
      "license": "OFL-1.1"
    },
    "node_modules/monaco-editor": {
      "version": "0.33.0",
      "resolved": "https://registry.npmjs.org/monaco-editor/-/monaco-editor-0.33.0.tgz",
      "integrity": "sha512-VcRWPSLIUEgQJQIE0pVT8FcGBIgFoxz7jtqctE+IiCxWugD0DwgyQBcZBhdSrdMC84eumoqMZsGl2GTreOzwqw==",
      "license": "MIT"
    },
    "node_modules/split.js": {
      "version": "1.6.5",
      "resolved": "https://registry.npmjs.org/split.js/-/split.js-1.6.5.tgz",
      "integrity": "sha512-mPTnGCiS/RiuTNsVhCm9De9cCAUsrNFFviRbADdKiiV+Kk8HKp/0fWu7Kr8pi3/yBmsqLFHuXGT9UUZ+CNLwFw==",
      "license": "MIT"
    },
    "node_modules/vite-plugin-monaco-editor": {
      "version": "1.1.0",
      "resolved": "https://registry.npmjs.org/vite-plugin-monaco-editor/-/vite-plugin-monaco-editor-1.1.0.tgz",
      "integrity": "sha512-IvtUqZotrRoVqwT0PBBDIZPNraya3BxN/bfcNfnxZ5rkJiGcNtO5eAOWWSgT7zullIAEqQwxMU83yL9J5k7gww==",
      "license": "MIT",
      "peerDependencies": {
        "monaco-editor": ">=0.33.0"
      }
    }
  }
}
